{
  "name": "recurly-netlify-example",
  "version": "1.0.0",
  "lockfileVersion": 1,
  "requires": true,
  "dependencies": {
    "recurly": {
      "version": "3.14.1",
      "resolved": "https://registry.npmjs.org/recurly/-/recurly-3.14.1.tgz",
      "integrity": "sha512-0HNZpgA7tls3t632UygVVcheoM/iwJe+16cNeAPda5yvrF8Ke2KqYf0AjA5jh0DyWRNbO50wJY66zAHpeq1Ukw=="
    }
  }
}
